// !$*UTF8*$!
{
	archiveVersion = 1;
	classes = {
	};
	objectVersion = 45;
	objects = {

/* Begin PBXBuildFile section */
		412C2856106F1E28005F5DC9 /* TruePreviewPreferences.m in Sources */ = {isa = PBXBuildFile; fileRef = 412C2855106F1E28005F5DC9 /* TruePreviewPreferences.m */; };
		412C292D107047A4005F5DC9 /* TruePreviewPreferencesModule.m in Sources */ = {isa = PBXBuildFile; fileRef = 412C292C107047A4005F5DC9 /* TruePreviewPreferencesModule.m */; };
		412C299110723A34005F5DC9 /* TruePreviewLibraryMessage.m in Sources */ = {isa = PBXBuildFile; fileRef = 412C299010723A34005F5DC9 /* TruePreviewLibraryMessage.m */; };
		412C29FA1072E68D005F5DC9 /* TruePreviewPreferenceValueTransformer.m in Sources */ = {isa = PBXBuildFile; fileRef = 412C29F91072E68D005F5DC9 /* TruePreviewPreferenceValueTransformer.m */; };
		412C2A501072F901005F5DC9 /* TruePreviewMessageViewer.m in Sources */ = {isa = PBXBuildFile; fileRef = 412C2A4F1072F901005F5DC9 /* TruePreviewMessageViewer.m */; };
		41E061680FF1C1010087845D /* Message.framework in Frameworks */ = {isa = PBXBuildFile; fileRef = 41E061670FF1C1010087845D /* Message.framework */; };
		41E061710FF1C1900087845D /* TruePreview.m in Sources */ = {isa = PBXBuildFile; fileRef = 41E061700FF1C1900087845D /* TruePreview.m */; };
		41E063D70FF1CDCF0087845D /* TruePreviewPreferencesPanel.xib in Resources */ = {isa = PBXBuildFile; fileRef = 41E063D60FF1CDCF0087845D /* TruePreviewPreferencesPanel.xib */; };
		8D5B49B4048680CD000E48DA /* Cocoa.framework in Frameworks */ = {isa = PBXBuildFile; fileRef = 1058C7ADFEA557BF11CA2CBB /* Cocoa.framework */; };
/* End PBXBuildFile section */

/* Begin PBXFileReference section */
		089C1672FE841209C02AAC07 /* Foundation.framework */ = {isa = PBXFileReference; lastKnownFileType = wrapper.framework; name = Foundation.framework; path = /System/Library/Frameworks/Foundation.framework; sourceTree = "<absolute>"; };
		089C167FFE841241C02AAC07 /* AppKit.framework */ = {isa = PBXFileReference; lastKnownFileType = wrapper.framework; name = AppKit.framework; path = /System/Library/Frameworks/AppKit.framework; sourceTree = "<absolute>"; };
		1058C7ADFEA557BF11CA2CBB /* Cocoa.framework */ = {isa = PBXFileReference; lastKnownFileType = wrapper.framework; name = Cocoa.framework; path = /System/Library/Frameworks/Cocoa.framework; sourceTree = "<absolute>"; };
		32DBCF630370AF2F00C91783 /* TruePreview_Prefix.pch */ = {isa = PBXFileReference; fileEncoding = 4; lastKnownFileType = sourcecode.c.h; name = TruePreview_Prefix.pch; path = Source/TruePreview_Prefix.pch; sourceTree = "<group>"; };
		412B835E0FF5E5AE00692EC8 /* headerdoc.make */ = {isa = PBXFileReference; fileEncoding = 4; lastKnownFileType = text; path = headerdoc.make; sourceTree = "<group>"; };
		412B83670FF5E73900692EC8 /* headerdoc */ = {isa = PBXFileReference; lastKnownFileType = folder; path = headerdoc; sourceTree = "<group>"; };
		412C2854106F1E28005F5DC9 /* TruePreviewPreferences.h */ = {isa = PBXFileReference; fileEncoding = 4; lastKnownFileType = sourcecode.c.h; name = TruePreviewPreferences.h; path = Source/TruePreviewPreferences.h; sourceTree = "<group>"; };
		412C2855106F1E28005F5DC9 /* TruePreviewPreferences.m */ = {isa = PBXFileReference; fileEncoding = 4; lastKnownFileType = sourcecode.c.objc; name = TruePreviewPreferences.m; path = Source/TruePreviewPreferences.m; sourceTree = "<group>"; };
		412C292B107047A4005F5DC9 /* TruePreviewPreferencesModule.h */ = {isa = PBXFileReference; fileEncoding = 4; lastKnownFileType = sourcecode.c.h; name = TruePreviewPreferencesModule.h; path = Source/TruePreviewPreferencesModule.h; sourceTree = "<group>"; };
		412C292C107047A4005F5DC9 /* TruePreviewPreferencesModule.m */ = {isa = PBXFileReference; fileEncoding = 4; lastKnownFileType = sourcecode.c.objc; name = TruePreviewPreferencesModule.m; path = Source/TruePreviewPreferencesModule.m; sourceTree = "<group>"; };
		412C297F10723A12005F5DC9 /* TruePreviewLibraryMessage.h */ = {isa = PBXFileReference; fileEncoding = 4; lastKnownFileType = sourcecode.c.h; name = TruePreviewLibraryMessage.h; path = Source/TruePreviewLibraryMessage.h; sourceTree = "<group>"; };
		412C299010723A34005F5DC9 /* TruePreviewLibraryMessage.m */ = {isa = PBXFileReference; fileEncoding = 4; lastKnownFileType = sourcecode.c.objc; name = TruePreviewLibraryMessage.m; path = Source/TruePreviewLibraryMessage.m; sourceTree = "<group>"; };
		412C29F81072E68D005F5DC9 /* TruePreviewPreferenceValueTransformer.h */ = {isa = PBXFileReference; fileEncoding = 4; lastKnownFileType = sourcecode.c.h; name = TruePreviewPreferenceValueTransformer.h; path = Source/TruePreviewPreferenceValueTransformer.h; sourceTree = "<group>"; };
		412C29F91072E68D005F5DC9 /* TruePreviewPreferenceValueTransformer.m */ = {isa = PBXFileReference; fileEncoding = 4; lastKnownFileType = sourcecode.c.objc; name = TruePreviewPreferenceValueTransformer.m; path = Source/TruePreviewPreferenceValueTransformer.m; sourceTree = "<group>"; };
		412C2A4E1072F901005F5DC9 /* TruePreviewMessageViewer.h */ = {isa = PBXFileReference; fileEncoding = 4; lastKnownFileType = sourcecode.c.h; name = TruePreviewMessageViewer.h; path = Source/TruePreviewMessageViewer.h; sourceTree = "<group>"; };
		412C2A4F1072F901005F5DC9 /* TruePreviewMessageViewer.m */ = {isa = PBXFileReference; fileEncoding = 4; lastKnownFileType = sourcecode.c.objc; name = TruePreviewMessageViewer.m; path = Source/TruePreviewMessageViewer.m; sourceTree = "<group>"; };
		412C2D61107EB8DA005F5DC9 /* NSPreferencesModule.h */ = {isa = PBXFileReference; fileEncoding = 4; lastKnownFileType = sourcecode.c.h; path = NSPreferencesModule.h; sourceTree = "<group>"; };
		4147E8951081148E00B3C650 /* German */ = {isa = PBXFileReference; lastKnownFileType = file.xib; name = German; path = German.lproj/TruePreviewPreferencesPanel.xib; sourceTree = "<group>"; };
		41E061670FF1C1010087845D /* Message.framework */ = {isa = PBXFileReference; lastKnownFileType = wrapper.framework; name = Message.framework; path = /System/Library/Frameworks/Message.framework; sourceTree = "<absolute>"; };
		41E0616F0FF1C1900087845D /* TruePreview.h */ = {isa = PBXFileReference; fileEncoding = 4; lastKnownFileType = sourcecode.c.h; name = TruePreview.h; path = Source/TruePreview.h; sourceTree = "<group>"; };
		41E061700FF1C1900087845D /* TruePreview.m */ = {isa = PBXFileReference; fileEncoding = 4; lastKnownFileType = sourcecode.c.objc; name = TruePreview.m; path = Source/TruePreview.m; sourceTree = "<group>"; };
		41E063D40FF1CDC90087845D /* English */ = {isa = PBXFileReference; lastKnownFileType = file.xib; name = English; path = English.lproj/TruePreviewPreferencesPanel.xib; sourceTree = "<group>"; };
		8D5B49B6048680CD000E48DA /* TruePreview.mailbundle */ = {isa = PBXFileReference; explicitFileType = wrapper.cfbundle; includeInIndex = 0; path = TruePreview.mailbundle; sourceTree = BUILT_PRODUCTS_DIR; };
		8D5B49B7048680CD000E48DA /* Info.plist */ = {isa = PBXFileReference; fileEncoding = 4; lastKnownFileType = text.plist.xml; path = Info.plist; sourceTree = "<group>"; };
		D2F7E65807B2D6F200F64583 /* CoreData.framework */ = {isa = PBXFileReference; lastKnownFileType = wrapper.framework; name = CoreData.framework; path = /System/Library/Frameworks/CoreData.framework; sourceTree = "<absolute>"; };
/* End PBXFileReference section */

/* Begin PBXFrameworksBuildPhase section */
		8D5B49B3048680CD000E48DA /* Frameworks */ = {
			isa = PBXFrameworksBuildPhase;
			buildActionMask = 2147483647;
			files = (
				8D5B49B4048680CD000E48DA /* Cocoa.framework in Frameworks */,
				41E061680FF1C1010087845D /* Message.framework in Frameworks */,
			);
			runOnlyForDeploymentPostprocessing = 0;
		};
/* End PBXFrameworksBuildPhase section */

/* Begin PBXGroup section */
		089C166AFE841209C02AAC07 /* TruePreview */ = {
			isa = PBXGroup;
			children = (
				08FB77AFFE84173DC02AAC07 /* Classes */,
				32C88E010371C26100C91783 /* Other Sources */,
				089C167CFE841241C02AAC07 /* Resources */,
				089C1671FE841209C02AAC07 /* Frameworks and Libraries */,
				19C28FB8FE9D52D311CA2CBB /* Products */,
				412B835E0FF5E5AE00692EC8 /* headerdoc.make */,
				412B83670FF5E73900692EC8 /* headerdoc */,
			);
			name = TruePreview;
			sourceTree = "<group>";
		};
		089C1671FE841209C02AAC07 /* Frameworks and Libraries */ = {
			isa = PBXGroup;
			children = (
				1058C7ACFEA557BF11CA2CBB /* Linked Frameworks */,
				1058C7AEFEA557BF11CA2CBB /* Other Frameworks */,
			);
			name = "Frameworks and Libraries";
			sourceTree = "<group>";
		};
		089C167CFE841241C02AAC07 /* Resources */ = {
			isa = PBXGroup;
			children = (
				8D5B49B7048680CD000E48DA /* Info.plist */,
				41E063D60FF1CDCF0087845D /* TruePreviewPreferencesPanel.xib */,
			);
			name = Resources;
			sourceTree = "<group>";
		};
		08FB77AFFE84173DC02AAC07 /* Classes */ = {
			isa = PBXGroup;
			children = (
				41E0616F0FF1C1900087845D /* TruePreview.h */,
				41E061700FF1C1900087845D /* TruePreview.m */,
				412C297F10723A12005F5DC9 /* TruePreviewLibraryMessage.h */,
				412C299010723A34005F5DC9 /* TruePreviewLibraryMessage.m */,
				412C2A4E1072F901005F5DC9 /* TruePreviewMessageViewer.h */,
				412C2A4F1072F901005F5DC9 /* TruePreviewMessageViewer.m */,
				412C2854106F1E28005F5DC9 /* TruePreviewPreferences.h */,
				412C2855106F1E28005F5DC9 /* TruePreviewPreferences.m */,
				412C292B107047A4005F5DC9 /* TruePreviewPreferencesModule.h */,
				412C292C107047A4005F5DC9 /* TruePreviewPreferencesModule.m */,
				412C29F81072E68D005F5DC9 /* TruePreviewPreferenceValueTransformer.h */,
				412C29F91072E68D005F5DC9 /* TruePreviewPreferenceValueTransformer.m */,
			);
			name = Classes;
			sourceTree = "<group>";
		};
		1058C7ACFEA557BF11CA2CBB /* Linked Frameworks */ = {
			isa = PBXGroup;
			children = (
				41E061670FF1C1010087845D /* Message.framework */,
				1058C7ADFEA557BF11CA2CBB /* Cocoa.framework */,
			);
			name = "Linked Frameworks";
			sourceTree = "<group>";
		};
		1058C7AEFEA557BF11CA2CBB /* Other Frameworks */ = {
			isa = PBXGroup;
			children = (
				089C167FFE841241C02AAC07 /* AppKit.framework */,
				D2F7E65807B2D6F200F64583 /* CoreData.framework */,
				089C1672FE841209C02AAC07 /* Foundation.framework */,
			);
			name = "Other Frameworks";
			sourceTree = "<group>";
		};
		19C28FB8FE9D52D311CA2CBB /* Products */ = {
			isa = PBXGroup;
			children = (
				8D5B49B6048680CD000E48DA /* TruePreview.mailbundle */,
			);
			name = Products;
			sourceTree = "<group>";
		};
		32C88E010371C26100C91783 /* Other Sources */ = {
			isa = PBXGroup;
			children = (
				32DBCF630370AF2F00C91783 /* TruePreview_Prefix.pch */,
				412C2D60107EB8DA005F5DC9 /* AppKit */,
			);
			name = "Other Sources";
			sourceTree = "<group>";
		};
		412C2D60107EB8DA005F5DC9 /* AppKit */ = {
			isa = PBXGroup;
			children = (
				412C2D61107EB8DA005F5DC9 /* NSPreferencesModule.h */,
			);
			name = AppKit;
			path = Source/AppKit;
			sourceTree = "<group>";
		};
/* End PBXGroup section */

/* Begin PBXNativeTarget section */
		8D5B49AC048680CD000E48DA /* TruePreview */ = {
			isa = PBXNativeTarget;
			buildConfigurationList = 1DEB913A08733D840010E9CD /* Build configuration list for PBXNativeTarget "TruePreview" */;
			buildPhases = (
				8D5B49AF048680CD000E48DA /* Resources */,
				8D5B49B1048680CD000E48DA /* Sources */,
				8D5B49B3048680CD000E48DA /* Frameworks */,
				412B835B0FF5E55B00692EC8 /* ShellScript */,
			);
			buildRules = (
			);
			dependencies = (
			);
			name = TruePreview;
			productInstallPath = "$(HOME)/Library/Bundles";
			productName = TruePreview;
			productReference = 8D5B49B6048680CD000E48DA /* TruePreview.mailbundle */;
			productType = "com.apple.product-type.bundle";
		};
/* End PBXNativeTarget section */

/* Begin PBXProject section */
		089C1669FE841209C02AAC07 /* Project object */ = {
			isa = PBXProject;
			buildConfigurationList = 1DEB913E08733D840010E9CD /* Build configuration list for PBXProject "TruePreview" */;
			compatibilityVersion = "Xcode 3.1";
			hasScannedForEncodings = 1;
			mainGroup = 089C166AFE841209C02AAC07 /* TruePreview */;
			projectDirPath = "";
			projectRoot = "";
			targets = (
				8D5B49AC048680CD000E48DA /* TruePreview */,
			);
		};
/* End PBXProject section */

/* Begin PBXResourcesBuildPhase section */
		8D5B49AF048680CD000E48DA /* Resources */ = {
			isa = PBXResourcesBuildPhase;
			buildActionMask = 2147483647;
			files = (
				41E063D70FF1CDCF0087845D /* TruePreviewPreferencesPanel.xib in Resources */,
			);
			runOnlyForDeploymentPostprocessing = 0;
		};
/* End PBXResourcesBuildPhase section */

/* Begin PBXShellScriptBuildPhase section */
		412B835B0FF5E55B00692EC8 /* ShellScript */ = {
			isa = PBXShellScriptBuildPhase;
			buildActionMask = 2147483647;
			files = (
			);
			inputPaths = (
			);
			outputPaths = (
			);
			runOnlyForDeploymentPostprocessing = 0;
			shellPath = /bin/sh;
			shellScript = "make -f \"$PROJECT_DIR/headerdoc.make\"\n";
			showEnvVarsInLog = 0;
		};
/* End PBXShellScriptBuildPhase section */

/* Begin PBXSourcesBuildPhase section */
		8D5B49B1048680CD000E48DA /* Sources */ = {
			isa = PBXSourcesBuildPhase;
			buildActionMask = 2147483647;
			files = (
				41E061710FF1C1900087845D /* TruePreview.m in Sources */,
				412C2856106F1E28005F5DC9 /* TruePreviewPreferences.m in Sources */,
				412C292D107047A4005F5DC9 /* TruePreviewPreferencesModule.m in Sources */,
				412C299110723A34005F5DC9 /* TruePreviewLibraryMessage.m in Sources */,
				412C29FA1072E68D005F5DC9 /* TruePreviewPreferenceValueTransformer.m in Sources */,
				412C2A501072F901005F5DC9 /* TruePreviewMessageViewer.m in Sources */,
			);
			runOnlyForDeploymentPostprocessing = 0;
		};
/* End PBXSourcesBuildPhase section */

/* Begin PBXVariantGroup section */
		41E063D60FF1CDCF0087845D /* TruePreviewPreferencesPanel.xib */ = {
			isa = PBXVariantGroup;
			children = (
				41E063D40FF1CDC90087845D /* English */,
				4147E8951081148E00B3C650 /* German */,
			);
			name = TruePreviewPreferencesPanel.xib;
			sourceTree = "<group>";
		};
/* End PBXVariantGroup section */

/* Begin XCBuildConfiguration section */
		1DEB913B08733D840010E9CD /* Debug */ = {
			isa = XCBuildConfiguration;
			buildSettings = {
				ALWAYS_SEARCH_USER_PATHS = NO;
				COPY_PHASE_STRIP = NO;
				GCC_DYNAMIC_NO_PIC = NO;
				GCC_ENABLE_FIX_AND_CONTINUE = YES;
				GCC_MODEL_TUNING = G5;
				GCC_OPTIMIZATION_LEVEL = 0;
				GCC_PRECOMPILE_PREFIX_HEADER = YES;
				GCC_PREFIX_HEADER = Source/TruePreview_Prefix.pch;
				INFOPLIST_FILE = Info.plist;
				INSTALL_PATH = "$(HOME)/Library/Bundles";
				PRODUCT_NAME = TruePreview;
				WRAPPER_EXTENSION = mailbundle;
			};
			name = Debug;
		};
		1DEB913C08733D840010E9CD /* Release */ = {
			isa = XCBuildConfiguration;
			buildSettings = {
				ALWAYS_SEARCH_USER_PATHS = NO;
				DEBUG_INFORMATION_FORMAT = "dwarf-with-dsym";
				GCC_MODEL_TUNING = G5;
				GCC_PRECOMPILE_PREFIX_HEADER = YES;
				GCC_PREFIX_HEADER = Source/TruePreview_Prefix.pch;
				INFOPLIST_FILE = Info.plist;
				INSTALL_PATH = "$(HOME)/Library/Bundles";
				PRODUCT_NAME = TruePreview;
				WRAPPER_EXTENSION = mailbundle;
			};
			name = Release;
		};
		1DEB913F08733D840010E9CD /* Debug */ = {
			isa = XCBuildConfiguration;
			buildSettings = {
				ARCHS = "$(ARCHS_STANDARD_32_64_BIT)";
				BUNDLE_LOADER = /Applications/Mail.app/Contents/MacOS/Mail;
				DEBUG_INFORMATION_FORMAT = stabs;
				GCC_C_LANGUAGE_STANDARD = c99;
				GCC_GENERATE_DEBUGGING_SYMBOLS = YES;
				GCC_OPTIMIZATION_LEVEL = 0;
				GCC_WARN_ABOUT_RETURN_TYPE = YES;
				GCC_WARN_UNUSED_VARIABLE = YES;
				HEADER_SEARCH_PATHS = "Source/**";
				MACH_O_TYPE = mh_bundle;
				MACOSX_DEPLOYMENT_TARGET = 10.5;
				ONLY_ACTIVE_ARCH = NO;
				OTHER_LDFLAGS = (
					"-undefined",
					dynamic_lookup,
				);
				PREBINDING = NO;
				SDKROOT = macosx10.6;
				VALID_ARCHS = "i386 x86_64";
				WRAPPER_EXTENSION = mailbundle;
			};
			name = Debug;
		};
		1DEB914008733D840010E9CD /* Release */ = {
			isa = XCBuildConfiguration;
			buildSettings = {
				ARCHS = "$(ARCHS_STANDARD_32_64_BIT)";
				BUNDLE_LOADER = /Applications/Mail.app/Contents/MacOS/Mail;
				GCC_C_LANGUAGE_STANDARD = c99;
				GCC_GENERATE_DEBUGGING_SYMBOLS = NO;
				GCC_WARN_ABOUT_RETURN_TYPE = YES;
				GCC_WARN_UNUSED_VARIABLE = YES;
				HEADER_SEARCH_PATHS = "Source/**";
				MACH_O_TYPE = mh_bundle;
				MACOSX_DEPLOYMENT_TARGET = 10.5;
				ONLY_ACTIVE_ARCH = NO;
				OTHER_LDFLAGS = (
					"-undefined",
					dynamic_lookup,
				);
				PREBINDING = NO;
				SDKROOT = macosx10.6;
				VALID_ARCHS = "ppc i386 x86_64";
				WRAPPER_EXTENSION = mailbundle;
			};
			name = Release;
		};
/* End XCBuildConfiguration section */

/* Begin XCConfigurationList section */
		1DEB913A08733D840010E9CD /* Build configuration list for PBXNativeTarget "TruePreview" */ = {
			isa = XCConfigurationList;
			buildConfigurations = (
				1DEB913B08733D840010E9CD /* Debug */,
				1DEB913C08733D840010E9CD /* Release */,
			);
			defaultConfigurationIsVisible = 0;
			defaultConfigurationName = Release;
		};
		1DEB913E08733D840010E9CD /* Build configuration list for PBXProject "TruePreview" */ = {
			isa = XCConfigurationList;
			buildConfigurations = (
				1DEB913F08733D840010E9CD /* Debug */,
				1DEB914008733D840010E9CD /* Release */,
			);
			defaultConfigurationIsVisible = 0;
			defaultConfigurationName = Release;
		};
/* End XCConfigurationList section */
	};
	rootObject = 089C1669FE841209C02AAC07 /* Project object */;
}
